
Microsoft Visual Studio Solution File, Format Version 12.00
# Visual Studio Version 16
VisualStudioVersion = 16.0.31402.337
MinimumVisualStudioVersion = 10.0.40219.1
Project("{FAE04EC0-301F-11D3-BF4B-00C04F79EFBC}") = "WeatherStation", "WeatherStation.csproj", "{9F72B76F-AF92-47C6-9486-293F9CEA24FB}"
EndProject
Global
	GlobalSection(SolutionConfigurationPlatforms) = preSolution
		Debug|Any CPU = Debug|Any CPU
		Release|Any CPU = Release|Any CPU
	EndGlobalSection
	GlobalSection(ProjectConfigurationPlatforms) = postSolution
		{9F72B76F-AF92-47C6-9486-293F9CEA24FB}.Debug|Any CPU.ActiveCfg = Debug|Any CPU
		{9F72B76F-AF92-47C6-9486-293F9CEA24FB}.Debug|Any CPU.Build.0 = Debug|Any CPU
		{9F72B76F-AF92-47C6-9486-293F9CEA24FB}.Release|Any CPU.ActiveCfg = Release|Any CPU
		{9F72B76F-AF92-47C6-9486-293F9CEA24FB}.Release|Any CPU.Build.0 = Release|Any CPU
	EndGlobalSection
	GlobalSection(SolutionProperties) = preSolution
		HideSolutionNode = FALSE
	EndGlobalSection
	GlobalSection(ExtensibilityGlobals) = postSolution
		SolutionGuid = {0C3E1796-9F53-47DD-8DCF-3058B7F5FEB4}
	EndGlobalSection
EndGlobal
