
Microsoft Visual Studio Solution File, Format Version 12.00
# Visual Studio Version 16
VisualStudioVersion = 16.0.31402.337
MinimumVisualStudioVersion = 10.0.40219.1
Project("{FAE04EC0-301F-11D3-BF4B-00C04F79EFBC}") = "myNotePad", "myNotePad.csproj", "{B9DDF274-7B0A-4448-8187-83F15213BDBC}"
EndProject
Global
	GlobalSection(SolutionConfigurationPlatforms) = preSolution
		Debug|Any CPU = Debug|Any CPU
		Release|Any CPU = Release|Any CPU
	EndGlobalSection
	GlobalSection(ProjectConfigurationPlatforms) = postSolution
		{B9DDF274-7B0A-4448-8187-83F15213BDBC}.Debug|Any CPU.ActiveCfg = Debug|Any CPU
		{B9DDF274-7B0A-4448-8187-83F15213BDBC}.Debug|Any CPU.Build.0 = Debug|Any CPU
		{B9DDF274-7B0A-4448-8187-83F15213BDBC}.Release|Any CPU.ActiveCfg = Release|Any CPU
		{B9DDF274-7B0A-4448-8187-83F15213BDBC}.Release|Any CPU.Build.0 = Release|Any CPU
	EndGlobalSection
	GlobalSection(SolutionProperties) = preSolution
		HideSolutionNode = FALSE
	EndGlobalSection
	GlobalSection(ExtensibilityGlobals) = postSolution
		SolutionGuid = {B71B4B5C-E4C5-478B-8C38-95C75B62751D}
	EndGlobalSection
EndGlobal
